{
  "name": "buscador-corte-idh-index",
  "version": "0.0.1",
  "lockfileVersion": 2,
  "requires": true,
  "packages": {
    "": {
      "name": "buscador-corte-idh-index",
      "version": "0.0.1",
      "license": "BSD-2-Clause",
      "dependencies": {
        "minisearch": "^5.0.0",
        "tqdm": "^2.0.3"
      }
    },
    "node_modules/minisearch": {
      "version": "5.0.0",
      "resolved": "https://registry.npmjs.org/minisearch/-/minisearch-5.0.0.tgz",
      "integrity": "sha512-VEwBhl8aFtc2UG2XmP7a4XaZxVfNhe7GvB2W/ZRGbLL3P3LbBhkoOezBWsMqG8Mr5VonqXAMRWth79XXKja1bQ=="
    },
    "node_modules/tqdm": {
      "version": "2.0.3",
      "resolved": "https://registry.npmjs.org/tqdm/-/tqdm-2.0.3.tgz",
      "integrity": "sha512-Ju50G550gspkjd1AiJ/jFBHe2dii9s+KPntEsq0o73BqywqzNWPUM8/FD3zM1rOH7OGLoH7pGSGI90Ct+Yd/5Q=="
    }
  },
  "dependencies": {
    "minisearch": {
      "version": "5.0.0",
      "resolved": "https://registry.npmjs.org/minisearch/-/minisearch-5.0.0.tgz",
      "integrity": "sha512-VEwBhl8aFtc2UG2XmP7a4XaZxVfNhe7GvB2W/ZRGbLL3P3LbBhkoOezBWsMqG8Mr5VonqXAMRWth79XXKja1bQ=="
    },
    "tqdm": {
      "version": "2.0.3",
      "resolved": "https://registry.npmjs.org/tqdm/-/tqdm-2.0.3.tgz",
      "integrity": "sha512-Ju50G550gspkjd1AiJ/jFBHe2dii9s+KPntEsq0o73BqywqzNWPUM8/FD3zM1rOH7OGLoH7pGSGI90Ct+Yd/5Q=="
    }
  }
}
